{
    "version": 3,
    "terraform_version": "0.11.7",
    "serial": 27,
    "lineage": "0dff00e0-51a7-84da-a5a8-de5aa489c481",
    "modules": [
        {
            "path": [
                "root"
            ],
            "outputs": {},
            "resources": {
                "aws_instance.lb": {
                    "type": "aws_instance",
                    "depends_on": [],
                    "primary": {
                        "id": "i-099d2d4ae7cbdda88",
                        "attributes": {
                            "ami": "ami-04681a1dbd79675a5",
                            "arn": "arn:aws:ec2:us-east-1:333641427962:instance/i-099d2d4ae7cbdda88",
                            "associate_public_ip_address": "true",
                            "availability_zone": "us-east-1a",
                            "cpu_core_count": "1",
                            "cpu_threads_per_core": "1",
                            "credit_specification.#": "1",
                            "credit_specification.0.cpu_credits": "standard",
                            "disable_api_termination": "false",
                            "ebs_block_device.#": "0",
                            "ebs_optimized": "false",
                            "ephemeral_block_device.#": "0",
                            "get_password_data": "false",
                            "iam_instance_profile": "",
                            "id": "i-099d2d4ae7cbdda88",
                            "instance_state": "running",
                            "instance_type": "t2.micro",
                            "ipv6_addresses.#": "0",
                            "key_name": "",
                            "monitoring": "false",
                            "network_interface.#": "0",
                            "network_interface_id": "eni-05ea25544c4c33920",
                            "password_data": "",
                            "placement_group": "",
                            "primary_network_interface_id": "eni-05ea25544c4c33920",
                            "private_dns": "ip-172-31-83-134.ec2.internal",
                            "private_ip": "172.31.83.134",
                            "public_dns": "ec2-107-21-178-78.compute-1.amazonaws.com",
                            "public_ip": "107.21.178.78",
                            "root_block_device.#": "1",
                            "root_block_device.0.delete_on_termination": "true",
                            "root_block_device.0.iops": "100",
                            "root_block_device.0.volume_id": "vol-0cdb80d9f0a0c93a3",
                            "root_block_device.0.volume_size": "8",
                            "root_block_device.0.volume_type": "gp2",
                            "security_groups.#": "1",
                            "security_groups.3814588639": "default",
                            "source_dest_check": "true",
                            "subnet_id": "subnet-0595312b",
                            "tags.%": "1",
                            "tags.Name": "ELB",
                            "tenancy": "default",
                            "volume_tags.%": "0",
                            "vpc_security_group_ids.#": "1",
                            "vpc_security_group_ids.2487507442": "sg-79ae3332"
                        },
                        "meta": {
                            "e2bfb730-ecaa-11e6-8f88-34363bc7c4c0": {
                                "create": 600000000000,
                                "delete": 1200000000000,
                                "update": 600000000000
                            },
                            "schema_version": "1"
                        },
                        "tainted": false
                    },
                    "deposed": [],
                    "provider": "provider.aws"
                },
                "aws_lb.elb": {
                    "type": "aws_lb",
                    "depends_on": [],
                    "primary": {
                        "id": "arn:aws:elasticloadbalancing:us-east-1:333641427962:loadbalancer/net/Adfs/145afdd431afce9d",
                        "attributes": {
                            "access_logs.#": "1",
                            "arn": "arn:aws:elasticloadbalancing:us-east-1:333641427962:loadbalancer/net/Adfs/145afdd431afce9d",
                            "arn_suffix": "net/Adfs/145afdd431afce9d",
                            "dns_name": "Adfs-145afdd431afce9d.elb.us-east-1.amazonaws.com",
                            "enable_cross_zone_load_balancing": "true",
                            "enable_deletion_protection": "false",
                            "id": "arn:aws:elasticloadbalancing:us-east-1:333641427962:loadbalancer/net/Adfs/145afdd431afce9d",
                            "internal": "true",
                            "ip_address_type": "ipv4",
                            "load_balancer_type": "network",
                            "name": "Adfs",
                            "security_groups.#": "0",
                            "subnet_mapping.#": "2",
                            "subnet_mapping.3816609170.allocation_id": "",
                            "subnet_mapping.3816609170.subnet_id": "subnet-0595312b",
                            "subnet_mapping.3949723519.allocation_id": "",
                            "subnet_mapping.3949723519.subnet_id": "subnet-b4d6b8fe",
                            "subnets.#": "2",
                            "subnets.1789079758": "subnet-b4d6b8fe",
                            "subnets.280293507": "subnet-0595312b",
                            "tags.%": "1",
                            "tags.Environment": "Test",
                            "vpc_id": "vpc-7086640a",
                            "zone_id": "Z26RNL4JYFTOTI"
                        },
                        "meta": {
                            "e2bfb730-ecaa-11e6-8f88-34363bc7c4c0": {
                                "create": 600000000000,
                                "delete": 600000000000,
                                "update": 600000000000
                            }
                        },
                        "tainted": false
                    },
                    "deposed": [],
                    "provider": "provider.aws"
                },
                "aws_lb_listener.testexternal": {
                    "type": "aws_lb_listener",
                    "depends_on": [
                        "aws_lb.elb",
                        "aws_lb_target_group.testexternal"
                    ],
                    "primary": {
                        "id": "arn:aws:elasticloadbalancing:us-east-1:333641427962:listener/net/Adfs/145afdd431afce9d/5e3cffa0a05ed863",
                        "attributes": {
                            "arn": "arn:aws:elasticloadbalancing:us-east-1:333641427962:listener/net/Adfs/145afdd431afce9d/5e3cffa0a05ed863",
                            "default_action.#": "1",
                            "default_action.0.fixed_response.#": "0",
                            "default_action.0.redirect.#": "0",
                            "default_action.0.target_group_arn": "arn:aws:elasticloadbalancing:us-east-1:333641427962:targetgroup/testexternal/ef76feb074504942",
                            "default_action.0.type": "forward",
                            "id": "arn:aws:elasticloadbalancing:us-east-1:333641427962:listener/net/Adfs/145afdd431afce9d/5e3cffa0a05ed863",
                            "load_balancer_arn": "arn:aws:elasticloadbalancing:us-east-1:333641427962:loadbalancer/net/Adfs/145afdd431afce9d",
                            "port": "22",
                            "protocol": "TCP",
                            "ssl_policy": ""
                        },
                        "meta": {},
                        "tainted": false
                    },
                    "deposed": [],
                    "provider": "provider.aws"
                },
                "aws_lb_target_group.testexternal": {
                    "type": "aws_lb_target_group",
                    "depends_on": [],
                    "primary": {
                        "id": "arn:aws:elasticloadbalancing:us-east-1:333641427962:targetgroup/testexternal/ef76feb074504942",
                        "attributes": {
                            "arn": "arn:aws:elasticloadbalancing:us-east-1:333641427962:targetgroup/testexternal/ef76feb074504942",
                            "arn_suffix": "targetgroup/testexternal/ef76feb074504942",
                            "deregistration_delay": "300",
                            "health_check.#": "1",
                            "health_check.0.healthy_threshold": "5",
                            "health_check.0.interval": "10",
                            "health_check.0.matcher": "",
                            "health_check.0.path": "",
                            "health_check.0.port": "22",
                            "health_check.0.protocol": "TCP",
                            "health_check.0.timeout": "10",
                            "health_check.0.unhealthy_threshold": "5",
                            "id": "arn:aws:elasticloadbalancing:us-east-1:333641427962:targetgroup/testexternal/ef76feb074504942",
                            "name": "testexternal",
                            "port": "22",
                            "protocol": "TCP",
                            "proxy_protocol_v2": "false",
                            "slow_start": "0",
                            "stickiness.#": "0",
                            "tags.%": "0",
                            "target_type": "instance",
                            "vpc_id": "vpc-7086640a"
                        },
                        "meta": {},
                        "tainted": false
                    },
                    "deposed": [],
                    "provider": "provider.aws"
                },
                "aws_lb_target_group_attachment.testexternal": {
                    "type": "aws_lb_target_group_attachment",
                    "depends_on": [
                        "aws_instance.lb",
                        "aws_lb_target_group.testexternal"
                    ],
                    "primary": {
                        "id": "arn:aws:elasticloadbalancing:us-east-1:333641427962:targetgroup/testexternal/ef76feb074504942-20180831094747385200000001",
                        "attributes": {
                            "id": "arn:aws:elasticloadbalancing:us-east-1:333641427962:targetgroup/testexternal/ef76feb074504942-20180831094747385200000001",
                            "port": "22",
                            "target_group_arn": "arn:aws:elasticloadbalancing:us-east-1:333641427962:targetgroup/testexternal/ef76feb074504942",
                            "target_id": "i-099d2d4ae7cbdda88"
                        },
                        "meta": {},
                        "tainted": false
                    },
                    "deposed": [],
                    "provider": "provider.aws"
                }
            },
            "depends_on": []
        }
    ]
}
