{
    "version": 3,
    "terraform_version": "0.11.7",
    "serial": 13,
    "lineage": "edd31169-619b-5132-f3a7-84341a17a91e",
    "modules": [
        {
            "path": [
                "root"
            ],
            "outputs": {},
            "resources": {},
            "depends_on": []
        },
        {
            "path": [
                "root",
                "elb"
            ],
            "outputs": {
                "elb_id": {
                    "sensitive": false,
                    "type": "string",
                    "value": "aws_lb.test-elb-tf.id"
                }
            },
            "resources": {
                "aws_lb.test-elb-tf": {
                    "type": "aws_lb",
                    "depends_on": [],
                    "primary": {
                        "id": "arn:aws:elasticloadbalancing:us-east-1:333641427962:loadbalancer/net/tf-lb-20180912075752779400000002/7e97ca8348755cfb",
                        "attributes": {
                            "access_logs.#": "1",
                            "arn": "arn:aws:elasticloadbalancing:us-east-1:333641427962:loadbalancer/net/tf-lb-20180912075752779400000002/7e97ca8348755cfb",
                            "arn_suffix": "net/tf-lb-20180912075752779400000002/7e97ca8348755cfb",
                            "dns_name": "tf-lb-20180912075752779400000002-7e97ca8348755cfb.elb.us-east-1.amazonaws.com",
                            "enable_cross_zone_load_balancing": "true",
                            "enable_deletion_protection": "true",
                            "id": "arn:aws:elasticloadbalancing:us-east-1:333641427962:loadbalancer/net/tf-lb-20180912075752779400000002/7e97ca8348755cfb",
                            "internal": "false",
                            "ip_address_type": "ipv4",
                            "load_balancer_type": "network",
                            "name": "tf-lb-20180912075752779400000002",
                            "security_groups.#": "0",
                            "subnet_mapping.#": "1",
                            "subnet_mapping.2026765935.allocation_id": "",
                            "subnet_mapping.2026765935.subnet_id": "subnet-0da22a6c99b633176",
                            "subnets.#": "1",
                            "subnets.3311254851": "subnet-0da22a6c99b633176",
                            "tags.%": "1",
                            "tags.Name": "",
                            "vpc_id": "vpc-0ee99cd02eb0caf56",
                            "zone_id": "Z26RNL4JYFTOTI"
                        },
                        "meta": {
                            "e2bfb730-ecaa-11e6-8f88-34363bc7c4c0": {
                                "create": 600000000000,
                                "delete": 600000000000,
                                "update": 600000000000
                            }
                        },
                        "tainted": false
                    },
                    "deposed": [],
                    "provider": "provider.aws"
                },
                "aws_lb_listener.testexternal": {
                    "type": "aws_lb_listener",
                    "depends_on": [
                        "aws_lb.test-elb-tf",
                        "aws_lb_target_group.testexternal"
                    ],
                    "primary": {
                        "id": "arn:aws:elasticloadbalancing:us-east-1:333641427962:listener/net/tf-lb-20180912075752779400000002/7e97ca8348755cfb/2403a41ac0c04046",
                        "attributes": {
                            "arn": "arn:aws:elasticloadbalancing:us-east-1:333641427962:listener/net/tf-lb-20180912075752779400000002/7e97ca8348755cfb/2403a41ac0c04046",
                            "default_action.#": "1",
                            "default_action.0.fixed_response.#": "0",
                            "default_action.0.redirect.#": "0",
                            "default_action.0.target_group_arn": "arn:aws:elasticloadbalancing:us-east-1:333641427962:targetgroup/testexternal/ce3a2c4ebe012ef4",
                            "default_action.0.type": "forward",
                            "id": "arn:aws:elasticloadbalancing:us-east-1:333641427962:listener/net/tf-lb-20180912075752779400000002/7e97ca8348755cfb/2403a41ac0c04046",
                            "load_balancer_arn": "arn:aws:elasticloadbalancing:us-east-1:333641427962:loadbalancer/net/tf-lb-20180912075752779400000002/7e97ca8348755cfb",
                            "port": "22",
                            "protocol": "TCP",
                            "ssl_policy": ""
                        },
                        "meta": {},
                        "tainted": false
                    },
                    "deposed": [],
                    "provider": "provider.aws"
                },
                "aws_lb_target_group.testexternal": {
                    "type": "aws_lb_target_group",
                    "depends_on": [],
                    "primary": {
                        "id": "arn:aws:elasticloadbalancing:us-east-1:333641427962:targetgroup/testexternal/ce3a2c4ebe012ef4",
                        "attributes": {
                            "arn": "arn:aws:elasticloadbalancing:us-east-1:333641427962:targetgroup/testexternal/ce3a2c4ebe012ef4",
                            "arn_suffix": "targetgroup/testexternal/ce3a2c4ebe012ef4",
                            "deregistration_delay": "300",
                            "health_check.#": "1",
                            "health_check.0.healthy_threshold": "3",
                            "health_check.0.interval": "10",
                            "health_check.0.matcher": "",
                            "health_check.0.path": "",
                            "health_check.0.port": "22",
                            "health_check.0.protocol": "TCP",
                            "health_check.0.timeout": "10",
                            "health_check.0.unhealthy_threshold": "3",
                            "id": "arn:aws:elasticloadbalancing:us-east-1:333641427962:targetgroup/testexternal/ce3a2c4ebe012ef4",
                            "name": "testexternal",
                            "port": "22",
                            "protocol": "TCP",
                            "proxy_protocol_v2": "false",
                            "slow_start": "0",
                            "stickiness.#": "0",
                            "tags.%": "0",
                            "target_type": "instance",
                            "vpc_id": "vpc-0ee99cd02eb0caf56"
                        },
                        "meta": {},
                        "tainted": false
                    },
                    "deposed": [],
                    "provider": "provider.aws"
                },
                "aws_lb_target_group_attachment.testexternal": {
                    "type": "aws_lb_target_group_attachment",
                    "depends_on": [
                        "aws_lb_target_group.testexternal"
                    ],
                    "primary": {
                        "id": "arn:aws:elasticloadbalancing:us-east-1:333641427962:targetgroup/testexternal/ce3a2c4ebe012ef4-20180912075840055000000003",
                        "attributes": {
                            "id": "arn:aws:elasticloadbalancing:us-east-1:333641427962:targetgroup/testexternal/ce3a2c4ebe012ef4-20180912075840055000000003",
                            "port": "22",
                            "target_group_arn": "arn:aws:elasticloadbalancing:us-east-1:333641427962:targetgroup/testexternal/ce3a2c4ebe012ef4",
                            "target_id": "i-08b637169494f2040"
                        },
                        "meta": {},
                        "tainted": false
                    },
                    "deposed": [],
                    "provider": "provider.aws"
                }
            },
            "depends_on": []
        },
        {
            "path": [
                "root",
                "instance"
            ],
            "outputs": {
                "instance_id": {
                    "sensitive": false,
                    "type": "string",
                    "value": "i-08b637169494f2040"
                }
            },
            "resources": {
                "aws_instance.web": {
                    "type": "aws_instance",
                    "depends_on": [],
                    "primary": {
                        "id": "i-08b637169494f2040",
                        "attributes": {
                            "ami": "ami-6871a115",
                            "arn": "arn:aws:ec2:us-east-1:333641427962:instance/i-08b637169494f2040",
                            "associate_public_ip_address": "false",
                            "availability_zone": "us-east-1a",
                            "cpu_core_count": "1",
                            "cpu_threads_per_core": "1",
                            "credit_specification.#": "1",
                            "credit_specification.0.cpu_credits": "standard",
                            "disable_api_termination": "false",
                            "ebs_block_device.#": "0",
                            "ebs_optimized": "false",
                            "ephemeral_block_device.#": "0",
                            "get_password_data": "false",
                            "iam_instance_profile": "",
                            "id": "i-08b637169494f2040",
                            "instance_state": "running",
                            "instance_type": "t2.micro",
                            "ipv6_addresses.#": "0",
                            "key_name": "Auto",
                            "monitoring": "false",
                            "network_interface.#": "0",
                            "network_interface_id": "eni-0376fa8275f0831f0",
                            "password_data": "",
                            "placement_group": "",
                            "primary_network_interface_id": "eni-0376fa8275f0831f0",
                            "private_dns": "ip-10-0-1-10.ec2.internal",
                            "private_ip": "10.0.1.10",
                            "public_dns": "",
                            "public_ip": "",
                            "root_block_device.#": "1",
                            "root_block_device.0.delete_on_termination": "true",
                            "root_block_device.0.iops": "100",
                            "root_block_device.0.volume_id": "vol-060be3c28f2c1a4b0",
                            "root_block_device.0.volume_size": "10",
                            "root_block_device.0.volume_type": "gp2",
                            "security_groups.#": "0",
                            "source_dest_check": "true",
                            "subnet_id": "subnet-0da22a6c99b633176",
                            "tags.%": "1",
                            "tags.Name": "TF_Test",
                            "tenancy": "default",
                            "volume_tags.%": "0",
                            "vpc_security_group_ids.#": "1",
                            "vpc_security_group_ids.1292892803": "sg-017f48f9da12ec406"
                        },
                        "meta": {
                            "e2bfb730-ecaa-11e6-8f88-34363bc7c4c0": {
                                "create": 600000000000,
                                "delete": 1200000000000,
                                "update": 600000000000
                            },
                            "schema_version": "1"
                        },
                        "tainted": false
                    },
                    "deposed": [],
                    "provider": "provider.aws"
                }
            },
            "depends_on": []
        },
        {
            "path": [
                "root",
                "securitygroup"
            ],
            "outputs": {
                "sg_id": {
                    "sensitive": false,
                    "type": "list",
                    "value": [
                        "sg-017f48f9da12ec406"
                    ]
                }
            },
            "resources": {
                "aws_security_group.sg": {
                    "type": "aws_security_group",
                    "depends_on": [],
                    "primary": {
                        "id": "sg-017f48f9da12ec406",
                        "attributes": {
                            "arn": "arn:aws:ec2:us-east-1:333641427962:security-group/sg-017f48f9da12ec406",
                            "description": "Managed by Terraform",
                            "egress.#": "0",
                            "id": "sg-017f48f9da12ec406",
                            "ingress.#": "2",
                            "ingress.2541437006.cidr_blocks.#": "1",
                            "ingress.2541437006.cidr_blocks.0": "0.0.0.0/0",
                            "ingress.2541437006.description": "",
                            "ingress.2541437006.from_port": "22",
                            "ingress.2541437006.ipv6_cidr_blocks.#": "0",
                            "ingress.2541437006.protocol": "tcp",
                            "ingress.2541437006.security_groups.#": "0",
                            "ingress.2541437006.self": "false",
                            "ingress.2541437006.to_port": "22",
                            "ingress.2617001939.cidr_blocks.#": "1",
                            "ingress.2617001939.cidr_blocks.0": "0.0.0.0/0",
                            "ingress.2617001939.description": "",
                            "ingress.2617001939.from_port": "443",
                            "ingress.2617001939.ipv6_cidr_blocks.#": "0",
                            "ingress.2617001939.protocol": "tcp",
                            "ingress.2617001939.security_groups.#": "0",
                            "ingress.2617001939.self": "false",
                            "ingress.2617001939.to_port": "443",
                            "name": "terraform-20180912075746541300000001",
                            "owner_id": "333641427962",
                            "revoke_rules_on_delete": "false",
                            "tags.%": "1",
                            "tags.Name": "TF_SG",
                            "vpc_id": "vpc-0ee99cd02eb0caf56"
                        },
                        "meta": {
                            "e2bfb730-ecaa-11e6-8f88-34363bc7c4c0": {
                                "create": 600000000000,
                                "delete": 600000000000
                            },
                            "schema_version": "1"
                        },
                        "tainted": false
                    },
                    "deposed": [],
                    "provider": "provider.aws"
                }
            },
            "depends_on": []
        },
        {
            "path": [
                "root",
                "vpc"
            ],
            "outputs": {
                "public-subnet_id": {
                    "sensitive": false,
                    "type": "string",
                    "value": "subnet-0da22a6c99b633176"
                },
                "sg_id": {
                    "sensitive": false,
                    "type": "string",
                    "value": "aws_security_group.sg.id"
                },
                "vpc_id": {
                    "sensitive": false,
                    "type": "string",
                    "value": "vpc-0ee99cd02eb0caf56"
                }
            },
            "resources": {
                "aws_internet_gateway.gw": {
                    "type": "aws_internet_gateway",
                    "depends_on": [
                        "aws_vpc.main"
                    ],
                    "primary": {
                        "id": "igw-064d5a82c47a2f3f0",
                        "attributes": {
                            "id": "igw-064d5a82c47a2f3f0",
                            "tags.%": "1",
                            "tags.Name": "IGW",
                            "vpc_id": "vpc-0ee99cd02eb0caf56"
                        },
                        "meta": {},
                        "tainted": false
                    },
                    "deposed": [],
                    "provider": "provider.aws"
                },
                "aws_route_table.rt": {
                    "type": "aws_route_table",
                    "depends_on": [
                        "aws_internet_gateway.gw",
                        "aws_vpc.main"
                    ],
                    "primary": {
                        "id": "rtb-04590d0f380a11ed4",
                        "attributes": {
                            "id": "rtb-04590d0f380a11ed4",
                            "propagating_vgws.#": "0",
                            "route.#": "1",
                            "route.3174872583.cidr_block": "0.0.0.0/0",
                            "route.3174872583.egress_only_gateway_id": "",
                            "route.3174872583.gateway_id": "igw-064d5a82c47a2f3f0",
                            "route.3174872583.instance_id": "",
                            "route.3174872583.ipv6_cidr_block": "",
                            "route.3174872583.nat_gateway_id": "",
                            "route.3174872583.network_interface_id": "",
                            "route.3174872583.vpc_peering_connection_id": "",
                            "tags.%": "1",
                            "tags.Name": "RT",
                            "vpc_id": "vpc-0ee99cd02eb0caf56"
                        },
                        "meta": {},
                        "tainted": false
                    },
                    "deposed": [],
                    "provider": "provider.aws"
                },
                "aws_route_table_association.public-rt": {
                    "type": "aws_route_table_association",
                    "depends_on": [
                        "aws_route_table.rt",
                        "aws_subnet.public-subnet"
                    ],
                    "primary": {
                        "id": "rtbassoc-0fc41976c1341b545",
                        "attributes": {
                            "id": "rtbassoc-0fc41976c1341b545",
                            "route_table_id": "rtb-04590d0f380a11ed4",
                            "subnet_id": "subnet-0da22a6c99b633176"
                        },
                        "meta": {},
                        "tainted": false
                    },
                    "deposed": [],
                    "provider": "provider.aws"
                },
                "aws_subnet.private-subnet": {
                    "type": "aws_subnet",
                    "depends_on": [
                        "aws_vpc.main"
                    ],
                    "primary": {
                        "id": "subnet-0dd07d0cd9f4240d6",
                        "attributes": {
                            "arn": "arn:aws:ec2:us-east-1:333641427962:subnet/subnet-0dd07d0cd9f4240d6",
                            "assign_ipv6_address_on_creation": "false",
                            "availability_zone": "us-east-1b",
                            "cidr_block": "10.0.4.0/24",
                            "id": "subnet-0dd07d0cd9f4240d6",
                            "map_public_ip_on_launch": "false",
                            "tags.%": "1",
                            "tags.Name": "Private_Subnet",
                            "vpc_id": "vpc-0ee99cd02eb0caf56"
                        },
                        "meta": {
                            "schema_version": "1"
                        },
                        "tainted": false
                    },
                    "deposed": [],
                    "provider": "provider.aws"
                },
                "aws_subnet.public-subnet": {
                    "type": "aws_subnet",
                    "depends_on": [
                        "aws_vpc.main"
                    ],
                    "primary": {
                        "id": "subnet-0da22a6c99b633176",
                        "attributes": {
                            "arn": "arn:aws:ec2:us-east-1:333641427962:subnet/subnet-0da22a6c99b633176",
                            "assign_ipv6_address_on_creation": "false",
                            "availability_zone": "us-east-1a",
                            "cidr_block": "10.0.1.0/24",
                            "id": "subnet-0da22a6c99b633176",
                            "map_public_ip_on_launch": "true",
                            "tags.%": "1",
                            "tags.Name": "Public_Subnet",
                            "vpc_id": "vpc-0ee99cd02eb0caf56"
                        },
                        "meta": {
                            "schema_version": "1"
                        },
                        "tainted": false
                    },
                    "deposed": [],
                    "provider": "provider.aws"
                },
                "aws_vpc.main": {
                    "type": "aws_vpc",
                    "depends_on": [],
                    "primary": {
                        "id": "vpc-0ee99cd02eb0caf56",
                        "attributes": {
                            "arn": "arn:aws:ec2:us-east-1:333641427962:vpc/vpc-0ee99cd02eb0caf56",
                            "assign_generated_ipv6_cidr_block": "false",
                            "cidr_block": "10.0.0.0/16",
                            "default_network_acl_id": "acl-0e642b8d240d8de76",
                            "default_route_table_id": "rtb-0b5792b154bf23a0e",
                            "default_security_group_id": "sg-0cd1206d7296b110b",
                            "dhcp_options_id": "dopt-78169403",
                            "enable_classiclink": "false",
                            "enable_classiclink_dns_support": "false",
                            "enable_dns_hostnames": "true",
                            "enable_dns_support": "true",
                            "id": "vpc-0ee99cd02eb0caf56",
                            "instance_tenancy": "default",
                            "main_route_table_id": "rtb-0b5792b154bf23a0e",
                            "tags.%": "1",
                            "tags.Name": "VPC_Test"
                        },
                        "meta": {
                            "schema_version": "1"
                        },
                        "tainted": false
                    },
                    "deposed": [],
                    "provider": "provider.aws"
                }
            },
            "depends_on": []
        }
    ]
}
