{
    "version": 3,
    "terraform_version": "0.11.7",
    "serial": 13,
    "lineage": "edd31169-619b-5132-f3a7-84341a17a91e",
    "modules": [
        {
            "path": [
                "root"
            ],
            "outputs": {},
            "resources": {},
            "depends_on": []
        },
        {
            "path": [
                "root",
                "elb"
            ],
            "outputs": {},
            "resources": {
                "aws_lb.test-elb-tf": {
                    "type": "aws_lb",
                    "depends_on": [],
                    "primary": {
                        "id": "arn:aws:elasticloadbalancing:us-east-1:333641427962:loadbalancer/net/tf-lb-20180912075752779400000002/7e97ca8348755cfb",
                        "attributes": {
                            "access_logs.#": "1",
                            "arn": "arn:aws:elasticloadbalancing:us-east-1:333641427962:loadbalancer/net/tf-lb-20180912075752779400000002/7e97ca8348755cfb",
                            "arn_suffix": "net/tf-lb-20180912075752779400000002/7e97ca8348755cfb",
                            "dns_name": "tf-lb-20180912075752779400000002-7e97ca8348755cfb.elb.us-east-1.amazonaws.com",
                            "enable_cross_zone_load_balancing": "true",
                            "enable_deletion_protection": "true",
                            "id": "arn:aws:elasticloadbalancing:us-east-1:333641427962:loadbalancer/net/tf-lb-20180912075752779400000002/7e97ca8348755cfb",
                            "internal": "false",
                            "ip_address_type": "ipv4",
                            "load_balancer_type": "network",
                            "name": "tf-lb-20180912075752779400000002",
                            "security_groups.#": "0",
                            "subnet_mapping.#": "1",
                            "subnet_mapping.2026765935.allocation_id": "",
                            "subnet_mapping.2026765935.subnet_id": "subnet-0da22a6c99b633176",
                            "subnets.#": "1",
                            "subnets.3311254851": "subnet-0da22a6c99b633176",
                            "tags.%": "1",
                            "tags.Name": "",
                            "vpc_id": "vpc-0ee99cd02eb0caf56",
                            "zone_id": "Z26RNL4JYFTOTI"
                        },
                        "meta": {
                            "e2bfb730-ecaa-11e6-8f88-34363bc7c4c0": {
                                "create": 600000000000,
                                "delete": 600000000000,
                                "update": 600000000000
                            }
                        },
                        "tainted": false
                    },
                    "deposed": [],
                    "provider": "provider.aws"
                }
            },
            "depends_on": []
        },
        {
            "path": [
                "root",
                "instance"
            ],
            "outputs": {
                "instance_id": {
                    "sensitive": false,
                    "type": "string",
                    "value": "i-08b637169494f2040"
                }
            },
            "resources": {},
            "depends_on": []
        },
        {
            "path": [
                "root",
                "securitygroup"
            ],
            "outputs": {
                "sg_id": {
                    "sensitive": false,
                    "type": "list",
                    "value": [
                        "sg-017f48f9da12ec406"
                    ]
                }
            },
            "resources": {},
            "depends_on": []
        },
        {
            "path": [
                "root",
                "vpc"
            ],
            "outputs": {
                "public-subnet_id": {
                    "sensitive": false,
                    "type": "string",
                    "value": "subnet-0da22a6c99b633176"
                },
                "vpc_id": {
                    "sensitive": false,
                    "type": "string",
                    "value": "vpc-0ee99cd02eb0caf56"
                }
            },
            "resources": {
                "aws_internet_gateway.gw": {
                    "type": "aws_internet_gateway",
                    "depends_on": [
                        "aws_vpc.main"
                    ],
                    "primary": {
                        "id": "igw-064d5a82c47a2f3f0",
                        "attributes": {
                            "id": "igw-064d5a82c47a2f3f0",
                            "tags.%": "1",
                            "tags.Name": "IGW",
                            "vpc_id": "vpc-0ee99cd02eb0caf56"
                        },
                        "meta": {},
                        "tainted": false
                    },
                    "deposed": [],
                    "provider": "provider.aws"
                },
                "aws_subnet.public-subnet": {
                    "type": "aws_subnet",
                    "depends_on": [
                        "aws_vpc.main"
                    ],
                    "primary": {
                        "id": "subnet-0da22a6c99b633176",
                        "attributes": {
                            "arn": "arn:aws:ec2:us-east-1:333641427962:subnet/subnet-0da22a6c99b633176",
                            "assign_ipv6_address_on_creation": "false",
                            "availability_zone": "us-east-1a",
                            "cidr_block": "10.0.1.0/24",
                            "id": "subnet-0da22a6c99b633176",
                            "map_public_ip_on_launch": "true",
                            "tags.%": "1",
                            "tags.Name": "Public_Subnet",
                            "vpc_id": "vpc-0ee99cd02eb0caf56"
                        },
                        "meta": {
                            "schema_version": "1"
                        },
                        "tainted": false
                    },
                    "deposed": [],
                    "provider": "provider.aws"
                },
                "aws_vpc.main": {
                    "type": "aws_vpc",
                    "depends_on": [],
                    "primary": {
                        "id": "vpc-0ee99cd02eb0caf56",
                        "attributes": {
                            "arn": "arn:aws:ec2:us-east-1:333641427962:vpc/vpc-0ee99cd02eb0caf56",
                            "assign_generated_ipv6_cidr_block": "false",
                            "cidr_block": "10.0.0.0/16",
                            "default_network_acl_id": "acl-0e642b8d240d8de76",
                            "default_route_table_id": "rtb-0b5792b154bf23a0e",
                            "default_security_group_id": "sg-0cd1206d7296b110b",
                            "dhcp_options_id": "dopt-78169403",
                            "enable_classiclink": "false",
                            "enable_classiclink_dns_support": "false",
                            "enable_dns_hostnames": "true",
                            "enable_dns_support": "true",
                            "id": "vpc-0ee99cd02eb0caf56",
                            "instance_tenancy": "default",
                            "main_route_table_id": "rtb-0b5792b154bf23a0e",
                            "tags.%": "1",
                            "tags.Name": "VPC_Test"
                        },
                        "meta": {
                            "schema_version": "1"
                        },
                        "tainted": false
                    },
                    "deposed": [],
                    "provider": "provider.aws"
                }
            },
            "depends_on": []
        }
    ]
}
